
Microsoft Visual Studio Solution File, Format Version 12.00
# Visual Studio Version 16
VisualStudioVersion = 16.0.32126.315
MinimumVisualStudioVersion = 10.0.40219.1
Project("{2150E333-8FDC-42A3-9474-1A3956D46DE8}") = "Solution Items", "Solution Items", "{51353A91-E9FF-40D7-AAFD-C9C17DB843BF}"
	ProjectSection(SolutionItems) = preProject
		conanfile.txt = conanfile.txt
	EndProjectSection
EndProject
Project("{2150E333-8FDC-42A3-9474-1A3956D46DE8}") = "apps", "apps", "{DC73FB6B-5D38-45B0-B56D-E151E78575DB}"
EndProject
Project("{8BC9CEB8-8B4A-11D0-8D11-00A0C91BC942}") = "common", "common\common.vcxproj", "{A80F870B-8DB5-481D-8378-B23C048D3BD2}"
EndProject
Project("{8BC9CEB8-8B4A-11D0-8D11-00A0C91BC942}") = "libmotionavg", "libmotionavg\libmotionavg.vcxproj", "{6B3CCAD0-AEDF-455D-A01F-6F2BD6965FA2}"
	ProjectSection(ProjectDependencies) = postProject
		{A80F870B-8DB5-481D-8378-B23C048D3BD2} = {A80F870B-8DB5-481D-8378-B23C048D3BD2}
	EndProjectSection
EndProject
Project("{2150E333-8FDC-42A3-9474-1A3956D46DE8}") = "prototypes", "prototypes", "{81729E3B-4684-446A-A086-D80F2E9E40CC}"
EndProject
Project("{8BC9CEB8-8B4A-11D0-8D11-00A0C91BC942}") = "create_graph_legacy", "prototype\create_graph\create_graph.vcxproj", "{6DB6987C-601C-44C4-A96B-45DFC6EE851A}"
	ProjectSection(ProjectDependencies) = postProject
		{A80F870B-8DB5-481D-8378-B23C048D3BD2} = {A80F870B-8DB5-481D-8378-B23C048D3BD2}
	EndProjectSection
EndProject
Project("{8BC9CEB8-8B4A-11D0-8D11-00A0C91BC942}") = "posegraph_ceres_solver_legacy", "prototype\posegraph_ceres_solver\posegraph_ceres_solver.vcxproj", "{3FFEB3F0-3BEB-4AA9-8924-D55E4F8D05EF}"
	ProjectSection(ProjectDependencies) = postProject
		{A80F870B-8DB5-481D-8378-B23C048D3BD2} = {A80F870B-8DB5-481D-8378-B23C048D3BD2}
	EndProjectSection
EndProject
Project("{8BC9CEB8-8B4A-11D0-8D11-00A0C91BC942}") = "evaluate_graph_legacy", "prototype\evalute_graph\evaluate_graph.vcxproj", "{E8799847-210F-4AC8-89BA-780C3E1ACC95}"
	ProjectSection(ProjectDependencies) = postProject
		{A80F870B-8DB5-481D-8378-B23C048D3BD2} = {A80F870B-8DB5-481D-8378-B23C048D3BD2}
	EndProjectSection
EndProject
Project("{8BC9CEB8-8B4A-11D0-8D11-00A0C91BC942}") = "porgraphwithprior_ceres_solver_legacy", "prototype\porgraphwithprior_ceres_solver\porgraphwithprior_ceres_solver.vcxproj", "{1AEFFE45-E341-49E4-951D-5A8BD34350E7}"
	ProjectSection(ProjectDependencies) = postProject
		{A80F870B-8DB5-481D-8378-B23C048D3BD2} = {A80F870B-8DB5-481D-8378-B23C048D3BD2}
	EndProjectSection
EndProject
Project("{8BC9CEB8-8B4A-11D0-8D11-00A0C91BC942}") = "bundlegraph_ceres_solver_legacy", "prototype\bundlegraph_ceres_solver\bundlegraph_ceres_solver.vcxproj", "{2D13B351-8F2E-483D-87D6-E83C23310A58}"
	ProjectSection(ProjectDependencies) = postProject
		{A80F870B-8DB5-481D-8378-B23C048D3BD2} = {A80F870B-8DB5-481D-8378-B23C048D3BD2}
	EndProjectSection
EndProject
Project("{8BC9CEB8-8B4A-11D0-8D11-00A0C91BC942}") = "geometricaware_posegraph_ceres_solver_legacy", "prototype\geometricaware_posegraph_ceres_solver\geometricaware_posegraph_ceres_solver.vcxproj", "{00378BB4-05FB-4F64-9FFF-C70B604C22D2}"
	ProjectSection(ProjectDependencies) = postProject
		{A80F870B-8DB5-481D-8378-B23C048D3BD2} = {A80F870B-8DB5-481D-8378-B23C048D3BD2}
	EndProjectSection
EndProject
Project("{8BC9CEB8-8B4A-11D0-8D11-00A0C91BC942}") = "cast_graph_legacy", "prototype\cast_graph\cast_graph.vcxproj", "{C9BA27CF-F89E-439F-BC11-2FEA7B779F64}"
	ProjectSection(ProjectDependencies) = postProject
		{A80F870B-8DB5-481D-8378-B23C048D3BD2} = {A80F870B-8DB5-481D-8378-B23C048D3BD2}
	EndProjectSection
EndProject
Project("{8BC9CEB8-8B4A-11D0-8D11-00A0C91BC942}") = "apply_graph_legacy", "prototype\apply_graph\apply_graph.vcxproj", "{04856495-C296-4BA9-9524-7662B50465CE}"
	ProjectSection(ProjectDependencies) = postProject
		{A80F870B-8DB5-481D-8378-B23C048D3BD2} = {A80F870B-8DB5-481D-8378-B23C048D3BD2}
	EndProjectSection
EndProject
Project("{8BC9CEB8-8B4A-11D0-8D11-00A0C91BC942}") = "apply_graph_resample_legacy", "prototype\apply_graph_resample\apply_graph_resample.vcxproj", "{ED1B3606-3D7F-49D9-B141-5830DFA1947A}"
	ProjectSection(ProjectDependencies) = postProject
		{A80F870B-8DB5-481D-8378-B23C048D3BD2} = {A80F870B-8DB5-481D-8378-B23C048D3BD2}
	EndProjectSection
EndProject
Project("{8BC9CEB8-8B4A-11D0-8D11-00A0C91BC942}") = "create_graph", "apps\create_graph\create_graph.vcxproj", "{FE100163-22C6-46A9-BAB0-3CF530A87173}"
	ProjectSection(ProjectDependencies) = postProject
		{6B3CCAD0-AEDF-455D-A01F-6F2BD6965FA2} = {6B3CCAD0-AEDF-455D-A01F-6F2BD6965FA2}
	EndProjectSection
EndProject
Project("{2150E333-8FDC-42A3-9474-1A3956D46DE8}") = "tests", "tests", "{BB7DBE47-CE58-431A-94FF-29F4A7126305}"
	ProjectSection(SolutionItems) = preProject
		test\test_common.h = test\test_common.h
	EndProjectSection
EndProject
Project("{8BC9CEB8-8B4A-11D0-8D11-00A0C91BC942}") = "test_libmotionavg", "test\test_libmotionavg\test_libmotionavg.vcxproj", "{34FD799D-7CC7-42AD-A573-FBF238F6960B}"
	ProjectSection(ProjectDependencies) = postProject
		{6B3CCAD0-AEDF-455D-A01F-6F2BD6965FA2} = {6B3CCAD0-AEDF-455D-A01F-6F2BD6965FA2}
	EndProjectSection
EndProject
Project("{2150E333-8FDC-42A3-9474-1A3956D46DE8}") = "libs", "libs", "{5819610A-096D-4653-90BC-EE810B4E568E}"
EndProject
Project("{8BC9CEB8-8B4A-11D0-8D11-00A0C91BC942}") = "solve_graph", "apps\solve_graph\solve_graph.vcxproj", "{67711C97-3D1A-4BA7-A39A-DBDC39623A00}"
	ProjectSection(ProjectDependencies) = postProject
		{6B3CCAD0-AEDF-455D-A01F-6F2BD6965FA2} = {6B3CCAD0-AEDF-455D-A01F-6F2BD6965FA2}
	EndProjectSection
EndProject
Project("{8BC9CEB8-8B4A-11D0-8D11-00A0C91BC942}") = "evaluate_graph", "apps\evaluate_graph\evaluate_graph.vcxproj", "{90B19D2D-5375-4B30-89E3-1D6192F84353}"
	ProjectSection(ProjectDependencies) = postProject
		{6B3CCAD0-AEDF-455D-A01F-6F2BD6965FA2} = {6B3CCAD0-AEDF-455D-A01F-6F2BD6965FA2}
	EndProjectSection
EndProject
Project("{8BC9CEB8-8B4A-11D0-8D11-00A0C91BC942}") = "alglibcpp", "3rd\alglib-cpp\alglibcpp\alglibcpp.vcxproj", "{9FA78B6A-7A58-438C-BE64-892323D9B1C6}"
EndProject
Project("{8BC9CEB8-8B4A-11D0-8D11-00A0C91BC942}") = "test_mystructs", "test\test_mystructs\test_mystructs.vcxproj", "{B7127E05-9CEE-40AD-8014-69EBC424C158}"
EndProject
Project("{8BC9CEB8-8B4A-11D0-8D11-00A0C91BC942}") = "create_translate_graph_MSP", "prototype\create_translate_graph_MSP\create_translate_graph_MSP.vcxproj", "{DE140D1A-1A51-4956-A203-EA47DFE5ACA8}"
	ProjectSection(ProjectDependencies) = postProject
		{A80F870B-8DB5-481D-8378-B23C048D3BD2} = {A80F870B-8DB5-481D-8378-B23C048D3BD2}
		{6B3CCAD0-AEDF-455D-A01F-6F2BD6965FA2} = {6B3CCAD0-AEDF-455D-A01F-6F2BD6965FA2}
	EndProjectSection
EndProject
Project("{8BC9CEB8-8B4A-11D0-8D11-00A0C91BC942}") = "solve_translate_graph", "prototype\solve_translate_graph\solve_translate_graph.vcxproj", "{CEAFEF92-D96B-4620-98DF-AB0857FF88B4}"
	ProjectSection(ProjectDependencies) = postProject
		{A80F870B-8DB5-481D-8378-B23C048D3BD2} = {A80F870B-8DB5-481D-8378-B23C048D3BD2}
		{6B3CCAD0-AEDF-455D-A01F-6F2BD6965FA2} = {6B3CCAD0-AEDF-455D-A01F-6F2BD6965FA2}
	EndProjectSection
EndProject
Project("{2150E333-8FDC-42A3-9474-1A3956D46DE8}") = "translate3d", "translate3d", "{665657F8-AA83-47F2-BF66-267AA6F11E8E}"
EndProject
Project("{2150E333-8FDC-42A3-9474-1A3956D46DE8}") = "affine2d", "affine2d", "{39A9E2DA-C665-4CA8-9B52-CB718E6F328E}"
EndProject
Project("{8BC9CEB8-8B4A-11D0-8D11-00A0C91BC942}") = "apply_translate_graph_MSP", "prototype\apply_translate_graph_MSP\apply_translate_graph_MSP.vcxproj", "{27601DA0-19F4-4AB4-BD4D-1A512AA2C23D}"
	ProjectSection(ProjectDependencies) = postProject
		{A80F870B-8DB5-481D-8378-B23C048D3BD2} = {A80F870B-8DB5-481D-8378-B23C048D3BD2}
	EndProjectSection
EndProject
Project("{8BC9CEB8-8B4A-11D0-8D11-00A0C91BC942}") = "convert_correspondence_txt", "prototype\convert_correspondence_txt\convert_correspondence_txt.vcxproj", "{407F45F5-12F2-44CD-8688-1368A1D716A0}"
EndProject
Project("{2150E333-8FDC-42A3-9474-1A3956D46DE8}") = "scripts", "scripts", "{252F6067-F71F-4E44-B55A-CE729727336A}"
	ProjectSection(SolutionItems) = preProject
		scripts\Additive_Affine2withPrior.py = scripts\Additive_Affine2withPrior.py
		scripts\analysis_itersolver.py = scripts\analysis_itersolver.py
		scripts\evaluate_biasaverage.py = scripts\evaluate_biasaverage.py
		scripts\filter_correspondence_offset.py = scripts\filter_correspondence_offset.py
		scripts\main.py = scripts\main.py
		scripts\plot_match.py = scripts\plot_match.py
		scripts\plot_trans3d_graph.py = scripts\plot_trans3d_graph.py
	EndProjectSection
EndProject
Project("{8BC9CEB8-8B4A-11D0-8D11-00A0C91BC942}") = "evaluate_MSP_densecorr", "prototype\evaluate_MSP_densecorr\evaluate_MSP_densecorr.vcxproj", "{D20356A0-631B-4D83-B0D2-661A40632607}"
EndProject
Global
	GlobalSection(SolutionConfigurationPlatforms) = preSolution
		Debug|x64 = Debug|x64
		Debug|x86 = Debug|x86
		Release|x64 = Release|x64
		Release|x86 = Release|x86
	EndGlobalSection
	GlobalSection(ProjectConfigurationPlatforms) = postSolution
		{A80F870B-8DB5-481D-8378-B23C048D3BD2}.Debug|x64.ActiveCfg = Debug|x64
		{A80F870B-8DB5-481D-8378-B23C048D3BD2}.Debug|x64.Build.0 = Debug|x64
		{A80F870B-8DB5-481D-8378-B23C048D3BD2}.Debug|x86.ActiveCfg = Debug|Win32
		{A80F870B-8DB5-481D-8378-B23C048D3BD2}.Debug|x86.Build.0 = Debug|Win32
		{A80F870B-8DB5-481D-8378-B23C048D3BD2}.Release|x64.ActiveCfg = Release|x64
		{A80F870B-8DB5-481D-8378-B23C048D3BD2}.Release|x64.Build.0 = Release|x64
		{A80F870B-8DB5-481D-8378-B23C048D3BD2}.Release|x86.ActiveCfg = Release|Win32
		{A80F870B-8DB5-481D-8378-B23C048D3BD2}.Release|x86.Build.0 = Release|Win32
		{6B3CCAD0-AEDF-455D-A01F-6F2BD6965FA2}.Debug|x64.ActiveCfg = Debug|x64
		{6B3CCAD0-AEDF-455D-A01F-6F2BD6965FA2}.Debug|x64.Build.0 = Debug|x64
		{6B3CCAD0-AEDF-455D-A01F-6F2BD6965FA2}.Debug|x86.ActiveCfg = Debug|Win32
		{6B3CCAD0-AEDF-455D-A01F-6F2BD6965FA2}.Debug|x86.Build.0 = Debug|Win32
		{6B3CCAD0-AEDF-455D-A01F-6F2BD6965FA2}.Release|x64.ActiveCfg = Release|x64
		{6B3CCAD0-AEDF-455D-A01F-6F2BD6965FA2}.Release|x64.Build.0 = Release|x64
		{6B3CCAD0-AEDF-455D-A01F-6F2BD6965FA2}.Release|x86.ActiveCfg = Release|Win32
		{6B3CCAD0-AEDF-455D-A01F-6F2BD6965FA2}.Release|x86.Build.0 = Release|Win32
		{6DB6987C-601C-44C4-A96B-45DFC6EE851A}.Debug|x64.ActiveCfg = Debug|x64
		{6DB6987C-601C-44C4-A96B-45DFC6EE851A}.Debug|x64.Build.0 = Debug|x64
		{6DB6987C-601C-44C4-A96B-45DFC6EE851A}.Debug|x86.ActiveCfg = Debug|Win32
		{6DB6987C-601C-44C4-A96B-45DFC6EE851A}.Debug|x86.Build.0 = Debug|Win32
		{6DB6987C-601C-44C4-A96B-45DFC6EE851A}.Release|x64.ActiveCfg = Release|x64
		{6DB6987C-601C-44C4-A96B-45DFC6EE851A}.Release|x64.Build.0 = Release|x64
		{6DB6987C-601C-44C4-A96B-45DFC6EE851A}.Release|x86.ActiveCfg = Release|Win32
		{6DB6987C-601C-44C4-A96B-45DFC6EE851A}.Release|x86.Build.0 = Release|Win32
		{3FFEB3F0-3BEB-4AA9-8924-D55E4F8D05EF}.Debug|x64.ActiveCfg = Debug|x64
		{3FFEB3F0-3BEB-4AA9-8924-D55E4F8D05EF}.Debug|x64.Build.0 = Debug|x64
		{3FFEB3F0-3BEB-4AA9-8924-D55E4F8D05EF}.Debug|x86.ActiveCfg = Debug|Win32
		{3FFEB3F0-3BEB-4AA9-8924-D55E4F8D05EF}.Debug|x86.Build.0 = Debug|Win32
		{3FFEB3F0-3BEB-4AA9-8924-D55E4F8D05EF}.Release|x64.ActiveCfg = Release|x64
		{3FFEB3F0-3BEB-4AA9-8924-D55E4F8D05EF}.Release|x64.Build.0 = Release|x64
		{3FFEB3F0-3BEB-4AA9-8924-D55E4F8D05EF}.Release|x86.ActiveCfg = Release|Win32
		{3FFEB3F0-3BEB-4AA9-8924-D55E4F8D05EF}.Release|x86.Build.0 = Release|Win32
		{E8799847-210F-4AC8-89BA-780C3E1ACC95}.Debug|x64.ActiveCfg = Debug|x64
		{E8799847-210F-4AC8-89BA-780C3E1ACC95}.Debug|x64.Build.0 = Debug|x64
		{E8799847-210F-4AC8-89BA-780C3E1ACC95}.Debug|x86.ActiveCfg = Debug|Win32
		{E8799847-210F-4AC8-89BA-780C3E1ACC95}.Debug|x86.Build.0 = Debug|Win32
		{E8799847-210F-4AC8-89BA-780C3E1ACC95}.Release|x64.ActiveCfg = Release|x64
		{E8799847-210F-4AC8-89BA-780C3E1ACC95}.Release|x64.Build.0 = Release|x64
		{E8799847-210F-4AC8-89BA-780C3E1ACC95}.Release|x86.ActiveCfg = Release|Win32
		{E8799847-210F-4AC8-89BA-780C3E1ACC95}.Release|x86.Build.0 = Release|Win32
		{1AEFFE45-E341-49E4-951D-5A8BD34350E7}.Debug|x64.ActiveCfg = Debug|x64
		{1AEFFE45-E341-49E4-951D-5A8BD34350E7}.Debug|x64.Build.0 = Debug|x64
		{1AEFFE45-E341-49E4-951D-5A8BD34350E7}.Debug|x86.ActiveCfg = Debug|Win32
		{1AEFFE45-E341-49E4-951D-5A8BD34350E7}.Debug|x86.Build.0 = Debug|Win32
		{1AEFFE45-E341-49E4-951D-5A8BD34350E7}.Release|x64.ActiveCfg = Release|x64
		{1AEFFE45-E341-49E4-951D-5A8BD34350E7}.Release|x64.Build.0 = Release|x64
		{1AEFFE45-E341-49E4-951D-5A8BD34350E7}.Release|x86.ActiveCfg = Release|Win32
		{1AEFFE45-E341-49E4-951D-5A8BD34350E7}.Release|x86.Build.0 = Release|Win32
		{2D13B351-8F2E-483D-87D6-E83C23310A58}.Debug|x64.ActiveCfg = Debug|x64
		{2D13B351-8F2E-483D-87D6-E83C23310A58}.Debug|x64.Build.0 = Debug|x64
		{2D13B351-8F2E-483D-87D6-E83C23310A58}.Debug|x86.ActiveCfg = Debug|Win32
		{2D13B351-8F2E-483D-87D6-E83C23310A58}.Debug|x86.Build.0 = Debug|Win32
		{2D13B351-8F2E-483D-87D6-E83C23310A58}.Release|x64.ActiveCfg = Release|x64
		{2D13B351-8F2E-483D-87D6-E83C23310A58}.Release|x64.Build.0 = Release|x64
		{2D13B351-8F2E-483D-87D6-E83C23310A58}.Release|x86.ActiveCfg = Release|Win32
		{2D13B351-8F2E-483D-87D6-E83C23310A58}.Release|x86.Build.0 = Release|Win32
		{00378BB4-05FB-4F64-9FFF-C70B604C22D2}.Debug|x64.ActiveCfg = Debug|x64
		{00378BB4-05FB-4F64-9FFF-C70B604C22D2}.Debug|x64.Build.0 = Debug|x64
		{00378BB4-05FB-4F64-9FFF-C70B604C22D2}.Debug|x86.ActiveCfg = Debug|Win32
		{00378BB4-05FB-4F64-9FFF-C70B604C22D2}.Debug|x86.Build.0 = Debug|Win32
		{00378BB4-05FB-4F64-9FFF-C70B604C22D2}.Release|x64.ActiveCfg = Release|x64
		{00378BB4-05FB-4F64-9FFF-C70B604C22D2}.Release|x64.Build.0 = Release|x64
		{00378BB4-05FB-4F64-9FFF-C70B604C22D2}.Release|x86.ActiveCfg = Release|Win32
		{00378BB4-05FB-4F64-9FFF-C70B604C22D2}.Release|x86.Build.0 = Release|Win32
		{C9BA27CF-F89E-439F-BC11-2FEA7B779F64}.Debug|x64.ActiveCfg = Debug|x64
		{C9BA27CF-F89E-439F-BC11-2FEA7B779F64}.Debug|x64.Build.0 = Debug|x64
		{C9BA27CF-F89E-439F-BC11-2FEA7B779F64}.Debug|x86.ActiveCfg = Debug|Win32
		{C9BA27CF-F89E-439F-BC11-2FEA7B779F64}.Debug|x86.Build.0 = Debug|Win32
		{C9BA27CF-F89E-439F-BC11-2FEA7B779F64}.Release|x64.ActiveCfg = Release|x64
		{C9BA27CF-F89E-439F-BC11-2FEA7B779F64}.Release|x64.Build.0 = Release|x64
		{C9BA27CF-F89E-439F-BC11-2FEA7B779F64}.Release|x86.ActiveCfg = Release|Win32
		{C9BA27CF-F89E-439F-BC11-2FEA7B779F64}.Release|x86.Build.0 = Release|Win32
		{04856495-C296-4BA9-9524-7662B50465CE}.Debug|x64.ActiveCfg = Debug|x64
		{04856495-C296-4BA9-9524-7662B50465CE}.Debug|x64.Build.0 = Debug|x64
		{04856495-C296-4BA9-9524-7662B50465CE}.Debug|x86.ActiveCfg = Debug|Win32
		{04856495-C296-4BA9-9524-7662B50465CE}.Debug|x86.Build.0 = Debug|Win32
		{04856495-C296-4BA9-9524-7662B50465CE}.Release|x64.ActiveCfg = Release|x64
		{04856495-C296-4BA9-9524-7662B50465CE}.Release|x64.Build.0 = Release|x64
		{04856495-C296-4BA9-9524-7662B50465CE}.Release|x86.ActiveCfg = Release|Win32
		{04856495-C296-4BA9-9524-7662B50465CE}.Release|x86.Build.0 = Release|Win32
		{ED1B3606-3D7F-49D9-B141-5830DFA1947A}.Debug|x64.ActiveCfg = Debug|x64
		{ED1B3606-3D7F-49D9-B141-5830DFA1947A}.Debug|x64.Build.0 = Debug|x64
		{ED1B3606-3D7F-49D9-B141-5830DFA1947A}.Debug|x86.ActiveCfg = Debug|Win32
		{ED1B3606-3D7F-49D9-B141-5830DFA1947A}.Debug|x86.Build.0 = Debug|Win32
		{ED1B3606-3D7F-49D9-B141-5830DFA1947A}.Release|x64.ActiveCfg = Release|x64
		{ED1B3606-3D7F-49D9-B141-5830DFA1947A}.Release|x64.Build.0 = Release|x64
		{ED1B3606-3D7F-49D9-B141-5830DFA1947A}.Release|x86.ActiveCfg = Release|Win32
		{ED1B3606-3D7F-49D9-B141-5830DFA1947A}.Release|x86.Build.0 = Release|Win32
		{FE100163-22C6-46A9-BAB0-3CF530A87173}.Debug|x64.ActiveCfg = Debug|x64
		{FE100163-22C6-46A9-BAB0-3CF530A87173}.Debug|x64.Build.0 = Debug|x64
		{FE100163-22C6-46A9-BAB0-3CF530A87173}.Debug|x86.ActiveCfg = Debug|Win32
		{FE100163-22C6-46A9-BAB0-3CF530A87173}.Debug|x86.Build.0 = Debug|Win32
		{FE100163-22C6-46A9-BAB0-3CF530A87173}.Release|x64.ActiveCfg = Release|x64
		{FE100163-22C6-46A9-BAB0-3CF530A87173}.Release|x64.Build.0 = Release|x64
		{FE100163-22C6-46A9-BAB0-3CF530A87173}.Release|x86.ActiveCfg = Release|Win32
		{FE100163-22C6-46A9-BAB0-3CF530A87173}.Release|x86.Build.0 = Release|Win32
		{34FD799D-7CC7-42AD-A573-FBF238F6960B}.Debug|x64.ActiveCfg = Debug|x64
		{34FD799D-7CC7-42AD-A573-FBF238F6960B}.Debug|x64.Build.0 = Debug|x64
		{34FD799D-7CC7-42AD-A573-FBF238F6960B}.Debug|x86.ActiveCfg = Debug|Win32
		{34FD799D-7CC7-42AD-A573-FBF238F6960B}.Debug|x86.Build.0 = Debug|Win32
		{34FD799D-7CC7-42AD-A573-FBF238F6960B}.Release|x64.ActiveCfg = Release|x64
		{34FD799D-7CC7-42AD-A573-FBF238F6960B}.Release|x64.Build.0 = Release|x64
		{34FD799D-7CC7-42AD-A573-FBF238F6960B}.Release|x86.ActiveCfg = Release|Win32
		{34FD799D-7CC7-42AD-A573-FBF238F6960B}.Release|x86.Build.0 = Release|Win32
		{67711C97-3D1A-4BA7-A39A-DBDC39623A00}.Debug|x64.ActiveCfg = Debug|x64
		{67711C97-3D1A-4BA7-A39A-DBDC39623A00}.Debug|x64.Build.0 = Debug|x64
		{67711C97-3D1A-4BA7-A39A-DBDC39623A00}.Debug|x86.ActiveCfg = Debug|Win32
		{67711C97-3D1A-4BA7-A39A-DBDC39623A00}.Debug|x86.Build.0 = Debug|Win32
		{67711C97-3D1A-4BA7-A39A-DBDC39623A00}.Release|x64.ActiveCfg = Release|x64
		{67711C97-3D1A-4BA7-A39A-DBDC39623A00}.Release|x64.Build.0 = Release|x64
		{67711C97-3D1A-4BA7-A39A-DBDC39623A00}.Release|x86.ActiveCfg = Release|Win32
		{67711C97-3D1A-4BA7-A39A-DBDC39623A00}.Release|x86.Build.0 = Release|Win32
		{90B19D2D-5375-4B30-89E3-1D6192F84353}.Debug|x64.ActiveCfg = Debug|x64
		{90B19D2D-5375-4B30-89E3-1D6192F84353}.Debug|x64.Build.0 = Debug|x64
		{90B19D2D-5375-4B30-89E3-1D6192F84353}.Debug|x86.ActiveCfg = Debug|Win32
		{90B19D2D-5375-4B30-89E3-1D6192F84353}.Debug|x86.Build.0 = Debug|Win32
		{90B19D2D-5375-4B30-89E3-1D6192F84353}.Release|x64.ActiveCfg = Release|x64
		{90B19D2D-5375-4B30-89E3-1D6192F84353}.Release|x64.Build.0 = Release|x64
		{90B19D2D-5375-4B30-89E3-1D6192F84353}.Release|x86.ActiveCfg = Release|Win32
		{90B19D2D-5375-4B30-89E3-1D6192F84353}.Release|x86.Build.0 = Release|Win32
		{9FA78B6A-7A58-438C-BE64-892323D9B1C6}.Debug|x64.ActiveCfg = Debug|x64
		{9FA78B6A-7A58-438C-BE64-892323D9B1C6}.Debug|x64.Build.0 = Debug|x64
		{9FA78B6A-7A58-438C-BE64-892323D9B1C6}.Debug|x86.ActiveCfg = Debug|Win32
		{9FA78B6A-7A58-438C-BE64-892323D9B1C6}.Debug|x86.Build.0 = Debug|Win32
		{9FA78B6A-7A58-438C-BE64-892323D9B1C6}.Release|x64.ActiveCfg = Release|x64
		{9FA78B6A-7A58-438C-BE64-892323D9B1C6}.Release|x64.Build.0 = Release|x64
		{9FA78B6A-7A58-438C-BE64-892323D9B1C6}.Release|x86.ActiveCfg = Release|Win32
		{9FA78B6A-7A58-438C-BE64-892323D9B1C6}.Release|x86.Build.0 = Release|Win32
		{B7127E05-9CEE-40AD-8014-69EBC424C158}.Debug|x64.ActiveCfg = Debug|x64
		{B7127E05-9CEE-40AD-8014-69EBC424C158}.Debug|x64.Build.0 = Debug|x64
		{B7127E05-9CEE-40AD-8014-69EBC424C158}.Debug|x86.ActiveCfg = Debug|Win32
		{B7127E05-9CEE-40AD-8014-69EBC424C158}.Debug|x86.Build.0 = Debug|Win32
		{B7127E05-9CEE-40AD-8014-69EBC424C158}.Release|x64.ActiveCfg = Release|x64
		{B7127E05-9CEE-40AD-8014-69EBC424C158}.Release|x64.Build.0 = Release|x64
		{B7127E05-9CEE-40AD-8014-69EBC424C158}.Release|x86.ActiveCfg = Release|Win32
		{B7127E05-9CEE-40AD-8014-69EBC424C158}.Release|x86.Build.0 = Release|Win32
		{DE140D1A-1A51-4956-A203-EA47DFE5ACA8}.Debug|x64.ActiveCfg = Debug|x64
		{DE140D1A-1A51-4956-A203-EA47DFE5ACA8}.Debug|x64.Build.0 = Debug|x64
		{DE140D1A-1A51-4956-A203-EA47DFE5ACA8}.Debug|x86.ActiveCfg = Debug|Win32
		{DE140D1A-1A51-4956-A203-EA47DFE5ACA8}.Debug|x86.Build.0 = Debug|Win32
		{DE140D1A-1A51-4956-A203-EA47DFE5ACA8}.Release|x64.ActiveCfg = Release|x64
		{DE140D1A-1A51-4956-A203-EA47DFE5ACA8}.Release|x64.Build.0 = Release|x64
		{DE140D1A-1A51-4956-A203-EA47DFE5ACA8}.Release|x86.ActiveCfg = Release|Win32
		{DE140D1A-1A51-4956-A203-EA47DFE5ACA8}.Release|x86.Build.0 = Release|Win32
		{CEAFEF92-D96B-4620-98DF-AB0857FF88B4}.Debug|x64.ActiveCfg = Debug|x64
		{CEAFEF92-D96B-4620-98DF-AB0857FF88B4}.Debug|x64.Build.0 = Debug|x64
		{CEAFEF92-D96B-4620-98DF-AB0857FF88B4}.Debug|x86.ActiveCfg = Debug|Win32
		{CEAFEF92-D96B-4620-98DF-AB0857FF88B4}.Debug|x86.Build.0 = Debug|Win32
		{CEAFEF92-D96B-4620-98DF-AB0857FF88B4}.Release|x64.ActiveCfg = Release|x64
		{CEAFEF92-D96B-4620-98DF-AB0857FF88B4}.Release|x64.Build.0 = Release|x64
		{CEAFEF92-D96B-4620-98DF-AB0857FF88B4}.Release|x86.ActiveCfg = Release|Win32
		{CEAFEF92-D96B-4620-98DF-AB0857FF88B4}.Release|x86.Build.0 = Release|Win32
		{27601DA0-19F4-4AB4-BD4D-1A512AA2C23D}.Debug|x64.ActiveCfg = Debug|x64
		{27601DA0-19F4-4AB4-BD4D-1A512AA2C23D}.Debug|x64.Build.0 = Debug|x64
		{27601DA0-19F4-4AB4-BD4D-1A512AA2C23D}.Debug|x86.ActiveCfg = Debug|Win32
		{27601DA0-19F4-4AB4-BD4D-1A512AA2C23D}.Debug|x86.Build.0 = Debug|Win32
		{27601DA0-19F4-4AB4-BD4D-1A512AA2C23D}.Release|x64.ActiveCfg = Release|x64
		{27601DA0-19F4-4AB4-BD4D-1A512AA2C23D}.Release|x64.Build.0 = Release|x64
		{27601DA0-19F4-4AB4-BD4D-1A512AA2C23D}.Release|x86.ActiveCfg = Release|Win32
		{27601DA0-19F4-4AB4-BD4D-1A512AA2C23D}.Release|x86.Build.0 = Release|Win32
		{407F45F5-12F2-44CD-8688-1368A1D716A0}.Debug|x64.ActiveCfg = Debug|x64
		{407F45F5-12F2-44CD-8688-1368A1D716A0}.Debug|x64.Build.0 = Debug|x64
		{407F45F5-12F2-44CD-8688-1368A1D716A0}.Debug|x86.ActiveCfg = Debug|Win32
		{407F45F5-12F2-44CD-8688-1368A1D716A0}.Debug|x86.Build.0 = Debug|Win32
		{407F45F5-12F2-44CD-8688-1368A1D716A0}.Release|x64.ActiveCfg = Release|x64
		{407F45F5-12F2-44CD-8688-1368A1D716A0}.Release|x64.Build.0 = Release|x64
		{407F45F5-12F2-44CD-8688-1368A1D716A0}.Release|x86.ActiveCfg = Release|Win32
		{407F45F5-12F2-44CD-8688-1368A1D716A0}.Release|x86.Build.0 = Release|Win32
		{D20356A0-631B-4D83-B0D2-661A40632607}.Debug|x64.ActiveCfg = Debug|x64
		{D20356A0-631B-4D83-B0D2-661A40632607}.Debug|x64.Build.0 = Debug|x64
		{D20356A0-631B-4D83-B0D2-661A40632607}.Debug|x86.ActiveCfg = Debug|Win32
		{D20356A0-631B-4D83-B0D2-661A40632607}.Debug|x86.Build.0 = Debug|Win32
		{D20356A0-631B-4D83-B0D2-661A40632607}.Release|x64.ActiveCfg = Release|x64
		{D20356A0-631B-4D83-B0D2-661A40632607}.Release|x64.Build.0 = Release|x64
		{D20356A0-631B-4D83-B0D2-661A40632607}.Release|x86.ActiveCfg = Release|Win32
		{D20356A0-631B-4D83-B0D2-661A40632607}.Release|x86.Build.0 = Release|Win32
	EndGlobalSection
	GlobalSection(SolutionProperties) = preSolution
		HideSolutionNode = FALSE
	EndGlobalSection
	GlobalSection(NestedProjects) = preSolution
		{A80F870B-8DB5-481D-8378-B23C048D3BD2} = {5819610A-096D-4653-90BC-EE810B4E568E}
		{6B3CCAD0-AEDF-455D-A01F-6F2BD6965FA2} = {5819610A-096D-4653-90BC-EE810B4E568E}
		{6DB6987C-601C-44C4-A96B-45DFC6EE851A} = {39A9E2DA-C665-4CA8-9B52-CB718E6F328E}
		{3FFEB3F0-3BEB-4AA9-8924-D55E4F8D05EF} = {39A9E2DA-C665-4CA8-9B52-CB718E6F328E}
		{E8799847-210F-4AC8-89BA-780C3E1ACC95} = {39A9E2DA-C665-4CA8-9B52-CB718E6F328E}
		{1AEFFE45-E341-49E4-951D-5A8BD34350E7} = {39A9E2DA-C665-4CA8-9B52-CB718E6F328E}
		{2D13B351-8F2E-483D-87D6-E83C23310A58} = {39A9E2DA-C665-4CA8-9B52-CB718E6F328E}
		{00378BB4-05FB-4F64-9FFF-C70B604C22D2} = {39A9E2DA-C665-4CA8-9B52-CB718E6F328E}
		{C9BA27CF-F89E-439F-BC11-2FEA7B779F64} = {39A9E2DA-C665-4CA8-9B52-CB718E6F328E}
		{04856495-C296-4BA9-9524-7662B50465CE} = {39A9E2DA-C665-4CA8-9B52-CB718E6F328E}
		{ED1B3606-3D7F-49D9-B141-5830DFA1947A} = {39A9E2DA-C665-4CA8-9B52-CB718E6F328E}
		{FE100163-22C6-46A9-BAB0-3CF530A87173} = {DC73FB6B-5D38-45B0-B56D-E151E78575DB}
		{34FD799D-7CC7-42AD-A573-FBF238F6960B} = {BB7DBE47-CE58-431A-94FF-29F4A7126305}
		{67711C97-3D1A-4BA7-A39A-DBDC39623A00} = {DC73FB6B-5D38-45B0-B56D-E151E78575DB}
		{90B19D2D-5375-4B30-89E3-1D6192F84353} = {DC73FB6B-5D38-45B0-B56D-E151E78575DB}
		{9FA78B6A-7A58-438C-BE64-892323D9B1C6} = {5819610A-096D-4653-90BC-EE810B4E568E}
		{B7127E05-9CEE-40AD-8014-69EBC424C158} = {BB7DBE47-CE58-431A-94FF-29F4A7126305}
		{DE140D1A-1A51-4956-A203-EA47DFE5ACA8} = {665657F8-AA83-47F2-BF66-267AA6F11E8E}
		{CEAFEF92-D96B-4620-98DF-AB0857FF88B4} = {665657F8-AA83-47F2-BF66-267AA6F11E8E}
		{665657F8-AA83-47F2-BF66-267AA6F11E8E} = {81729E3B-4684-446A-A086-D80F2E9E40CC}
		{39A9E2DA-C665-4CA8-9B52-CB718E6F328E} = {81729E3B-4684-446A-A086-D80F2E9E40CC}
		{27601DA0-19F4-4AB4-BD4D-1A512AA2C23D} = {665657F8-AA83-47F2-BF66-267AA6F11E8E}
		{407F45F5-12F2-44CD-8688-1368A1D716A0} = {665657F8-AA83-47F2-BF66-267AA6F11E8E}
		{D20356A0-631B-4D83-B0D2-661A40632607} = {665657F8-AA83-47F2-BF66-267AA6F11E8E}
	EndGlobalSection
	GlobalSection(ExtensibilityGlobals) = postSolution
		SolutionGuid = {3AE5A347-1A24-4D1D-906E-20B0B99C650E}
	EndGlobalSection
EndGlobal
